{
  "- *does not* affect the real ENV at all.  It is a true stub.\n- has the same scope as a `before`, `subject`, or `let` at the same level.": [
    {
      "file": "README.md",
      "lines": [
        188,
        271
      ]
    }
  ],
  "- is opt-in, via a shared context, rather than global.\n- *does not* affect the real ENV at all.  It is a true stub.": [
    {
      "file": "README.md",
      "lines": [
        187,
        270
      ]
    }
  ],
  "// Use 'forwardPorts' to make a list of ports inside the container available locally.\n// \"forwardPorts\": [],": [
    {
      "file": ".devcontainer/devcontainer.json",
      "lines": [
        11,
        22
      ]
    }
  ],
  "I do not recommend the _global_ approach, as it results in a loss of clarity\non which tests are testing ENV-based behaviors.  Here's a foot-gun if you want it.": [
    {
      "file": "README.md",
      "lines": [
        257,
        316
      ]
    }
  ]
}
