{
  "- *does not* affect the real ENV at all.  It is a true stub.\n- has the same scope as a `before`, `subject`, or `let` at the same level.": [
    {
      "file": "README.md",
      "lines": [
        190,
        273
      ]
    }
  ],
  "- 85.71% documented\n### Added": [
    {
      "file": "CHANGELOG.md",
      "lines": [
        56,
        67,
        80
      ]
    }
  ],
  "- is opt-in, via a shared context, rather than global.\n- *does not* affect the real ENV at all.  It is a true stub.": [
    {
      "file": "README.md",
      "lines": [
        189,
        272
      ]
    }
  ],
  "// Use 'forwardPorts' to make a list of ports inside the container available locally.\n// \"forwardPorts\": [],": [
    {
      "file": ".devcontainer/devcontainer.json",
      "lines": [
        11,
        22
      ]
    }
  ],
  "I do not recommend the _global_ approach, as it results in a loss of clarity\non which tests are testing ENV-based behaviors.  Here's a foot-gun if you want it.": [
    {
      "file": "README.md",
      "lines": [
        259,
        318
      ]
    }
  ],
  "appraisal: \"dep-heads\"\nexec_cmd: \"kettle-test\"": [
    {
      "file": ".github/workflows/dep-heads.yml",
      "lines": [
        44,
        51,
        58
      ]
    }
  ],
  "appraisal: \"head\"\nexec_cmd: \"kettle-test\"": [
    {
      "file": ".github/workflows/heads.yml",
      "lines": [
        43,
        50,
        57
      ]
    }
  ],
  "exec_cmd: \"kettle-test\"\nrubygems: default": [
    {
      "file": ".github/workflows/dep-heads.yml",
      "lines": [
        52,
        59
      ]
    },
    {
      "file": ".github/workflows/heads.yml",
      "lines": [
        44,
        51,
        58
      ]
    }
  ]
}
