{
  "Rakefile:2379947749": [
    [58, 70, 6, "Lint/LtsRuby/UnavailableMethod: Pathname#empty? is unavailable before Ruby 2.4.", 1165546895],
    [73, 8, 4, "Lint/LtsRuby/UnavailableMethod: Enumerable/Enumerator::Lazy#uniq is unavailable before Ruby 2.4.", 2087995782]
  ],
  "gemfiles/modular/coverage_local.gemfile:501956461": [
    [19, 27, 4, "Lint/LtsRuby/UnavailableMethod: Symbol#name is unavailable before Ruby 3.0.", 2087876002],
    [37, 101, 4, "Lint/LtsRuby/UnavailableMethod: Symbol#name is unavailable before Ruby 3.0.", 2087876002],
    [46, 5, 5, "Lint/LtsRuby/UnavailableMethod: Thread#fetch is unavailable before Ruby 2.5.", 171106201],
    [49, 31, 4, "Lint/LtsRuby/UnavailableMethod: Symbol#name is unavailable before Ruby 3.0.", 2087876002]
  ],
  "gemfiles/modular/documentation_local.gemfile:1434779033": [
    [19, 27, 4, "Lint/LtsRuby/UnavailableMethod: Symbol#name is unavailable before Ruby 3.0.", 2087876002]
  ],
  "gemfiles/modular/style_local.gemfile:351391365": [
    [22, 27, 4, "Lint/LtsRuby/UnavailableMethod: Symbol#name is unavailable before Ruby 3.0.", 2087876002]
  ],
  "gemfiles/modular/templating.gemfile:58614923": [
    [6, 39, 4, "Lint/LtsRuby/UnavailableMethod: Set#to_s is unavailable before Ruby 2.5.", 2087961426],
    [7, 28, 6, "Lint/LtsRuby/UnavailableMethod: Pathname#empty? is unavailable before Ruby 2.4.", 1165546895],
    [8, 40, 4, "Lint/LtsRuby/UnavailableMethod: Set#to_s is unavailable before Ruby 2.5.", 2087961426],
    [8, 45, 6, "Lint/LtsRuby/UnavailableMethod: Pathname#empty? is unavailable before Ruby 2.4.", 1165546895],
    [11, 35, 4, "Lint/LtsRuby/UnavailableMethod: Set#to_s is unavailable before Ruby 2.5.", 2087961426],
    [11, 40, 6, "Lint/LtsRuby/UnavailableMethod: Pathname#empty? is unavailable before Ruby 2.4.", 1165546895]
  ],
  "gemfiles/modular/templating_local.gemfile:3286935470": [
    [20, 27, 4, "Lint/LtsRuby/UnavailableMethod: Symbol#name is unavailable before Ruby 3.0.", 2087876002],
    [85, 101, 4, "Lint/LtsRuby/UnavailableMethod: Symbol#name is unavailable before Ruby 3.0.", 2087876002],
    [94, 5, 5, "Lint/LtsRuby/UnavailableMethod: Thread#fetch is unavailable before Ruby 2.5.", 171106201],
    [97, 31, 4, "Lint/LtsRuby/UnavailableMethod: Symbol#name is unavailable before Ruby 3.0.", 2087876002]
  ],
  "lib/rspec/stubbed_env/hide_helpers.rb:1348357057": [
    [49, 19, 4, "Lint/LtsRuby/UnavailableMethod: Set#to_s is unavailable before Ruby 2.5.", 2087961426]
  ],
  "lib/rspec/stubbed_env/stub_helpers.rb:3345979409": [
    [63, 19, 4, "Lint/LtsRuby/UnavailableMethod: Set#to_s is unavailable before Ruby 2.5.", 2087961426],
    [102, 40, 2, "Lint/LtsRuby/UnavailableMethod: Method/Proc#<< is unavailable before Ruby 2.6.", 5859461],
    [107, 40, 2, "Lint/LtsRuby/UnavailableMethod: Method/Proc#<< is unavailable before Ruby 2.6.", 5859461],
    [111, 71, 4, "Lint/LtsRuby/UnavailableMethod: Array/Enumerable#to_h is unavailable before Ruby 2.1.", 2087961417],
    [115, 49, 5, "Lint/LtsRuby/UnavailableMethod: Matrix/Vector#[]= is unavailable before Ruby 2.6.", 240418772]
  ],
  "rspec-stubbed_env.gemspec:3298799482": [
    [25, 8, 4, "Lint/LtsRuby/UnavailableMethod: Thread#name= is unavailable before Ruby 2.3.", 2087876002],
    [50, 24, 9, "Lint/LtsRuby/UnavailableMethod: Symbol#end_with? is unavailable before Ruby 2.7.", 308216808],
    [56, 16, 16, "Lint/LtsRuby/UnavailableMethod: Matrix/Vector#[]= is unavailable before Ruby 2.6.", 3147164910],
    [57, 16, 19, "Lint/LtsRuby/UnavailableMethod: Matrix/Vector#[]= is unavailable before Ruby 2.6.", 279056797],
    [58, 16, 17, "Lint/LtsRuby/UnavailableMethod: Matrix/Vector#[]= is unavailable before Ruby 2.6.", 4196512528],
    [59, 16, 19, "Lint/LtsRuby/UnavailableMethod: Matrix/Vector#[]= is unavailable before Ruby 2.6.", 3960302181],
    [60, 16, 21, "Lint/LtsRuby/UnavailableMethod: Matrix/Vector#[]= is unavailable before Ruby 2.6.", 2359681088],
    [60, 78, 4, "Lint/LtsRuby/UnavailableMethod: Symbol#name is unavailable before Ruby 3.0.", 2087876002],
    [61, 16, 15, "Lint/LtsRuby/UnavailableMethod: Matrix/Vector#[]= is unavailable before Ruby 2.6.", 1629595435],
    [62, 16, 12, "Lint/LtsRuby/UnavailableMethod: Matrix/Vector#[]= is unavailable before Ruby 2.6.", 2962383854],
    [63, 16, 12, "Lint/LtsRuby/UnavailableMethod: Matrix/Vector#[]= is unavailable before Ruby 2.6.", 3248034781],
    [63, 71, 4, "Lint/LtsRuby/UnavailableMethod: Symbol#name is unavailable before Ruby 3.0.", 2087876002],
    [64, 16, 15, "Lint/LtsRuby/UnavailableMethod: Matrix/Vector#[]= is unavailable before Ruby 2.6.", 1397552598],
    [65, 16, 20, "Lint/LtsRuby/UnavailableMethod: Matrix/Vector#[]= is unavailable before Ruby 2.6.", 2025055014],
    [66, 16, 25, "Lint/LtsRuby/UnavailableMethod: Matrix/Vector#[]= is unavailable before Ruby 2.6.", 1727630048],
    [78, 13, 2, "Lint/LtsRuby/UnavailableMethod: Method/Proc#<< is unavailable before Ruby 2.6.", 5859461],
    [103, 13, 4, "Lint/LtsRuby/UnavailableMethod: Symbol#name is unavailable before Ruby 3.0.", 2087876002]
  ],
  "spec/rspec/stubbed_env/hide_helpers_spec.rb:755880616": [
    [19, 22, 4, "Lint/LtsRuby/UnavailableMethod: StringScanner#size is unavailable before Ruby 2.5.", 2088346912],
    [31, 9, 44, "Env/Assign: Mock the return value of an ENV variable instead of assigning to ENV directly.", 423251009],
    [32, 9, 44, "Env/Assign: Mock the return value of an ENV variable instead of assigning to ENV directly.", 3891040897],
    [33, 9, 48, "Env/Assign: Mock the return value of an ENV variable instead of assigning to ENV directly.", 2419104020],
    [52, 22, 4, "Lint/LtsRuby/UnavailableMethod: StringScanner#size is unavailable before Ruby 2.5.", 2088346912],
    [65, 24, 4, "Lint/LtsRuby/UnavailableMethod: StringScanner#size is unavailable before Ruby 2.5.", 2088346912],
    [78, 9, 41, "Env/Assign: Mock the return value of an ENV variable instead of assigning to ENV directly.", 3728894832],
    [79, 9, 41, "Env/Assign: Mock the return value of an ENV variable instead of assigning to ENV directly.", 2522134064],
    [80, 9, 41, "Env/Assign: Mock the return value of an ENV variable instead of assigning to ENV directly.", 4201117168],
    [81, 9, 41, "Env/Assign: Mock the return value of an ENV variable instead of assigning to ENV directly.", 1008516784],
    [82, 9, 48, "Env/Assign: Mock the return value of an ENV variable instead of assigning to ENV directly.", 199108690],
    [103, 22, 4, "Lint/LtsRuby/UnavailableMethod: StringScanner#size is unavailable before Ruby 2.5.", 2088346912],
    [116, 24, 4, "Lint/LtsRuby/UnavailableMethod: StringScanner#size is unavailable before Ruby 2.5.", 2088346912],
    [131, 24, 4, "Lint/LtsRuby/UnavailableMethod: StringScanner#size is unavailable before Ruby 2.5.", 2088346912],
    [141, 7, 36, "Env/Assign: Mock the return value of an ENV variable instead of assigning to ENV directly.", 1658523203],
    [142, 7, 32, "Env/Assign: Mock the return value of an ENV variable instead of assigning to ENV directly.", 4090775459],
    [170, 7, 20, "Env/Assign: Mock the return value of an ENV variable instead of assigning to ENV directly.", 1685646716],
    [171, 7, 18, "Env/Assign: Mock the return value of an ENV variable instead of assigning to ENV directly.", 251829431],
    [196, 7, 20, "Env/Assign: Mock the return value of an ENV variable instead of assigning to ENV directly.", 2660657743],
    [197, 7, 19, "Env/Assign: Mock the return value of an ENV variable instead of assigning to ENV directly.", 3109749308]
  ],
  "spec/rspec/stubbed_env/stub_helpers_spec.rb:394735763": [
    [19, 22, 4, "Lint/LtsRuby/UnavailableMethod: StringScanner#size is unavailable before Ruby 2.5.", 2088346912],
    [48, 22, 4, "Lint/LtsRuby/UnavailableMethod: StringScanner#size is unavailable before Ruby 2.5.", 2088346912],
    [79, 22, 4, "Lint/LtsRuby/UnavailableMethod: StringScanner#size is unavailable before Ruby 2.5.", 2088346912],
    [106, 22, 4, "Lint/LtsRuby/UnavailableMethod: StringScanner#size is unavailable before Ruby 2.5.", 2088346912],
    [135, 22, 4, "Lint/LtsRuby/UnavailableMethod: StringScanner#size is unavailable before Ruby 2.5.", 2088346912],
    [144, 7, 38, "Env/Assign: Mock the return value of an ENV variable instead of assigning to ENV directly.", 753785283],
    [145, 7, 34, "Env/Assign: Mock the return value of an ENV variable instead of assigning to ENV directly.", 4226930083],
    [172, 7, 37, "Env/Assign: Mock the return value of an ENV variable instead of assigning to ENV directly.", 1245370746],
    [173, 7, 35, "Env/Assign: Mock the return value of an ENV variable instead of assigning to ENV directly.", 1196075514],
    [174, 7, 34, "Env/Assign: Mock the return value of an ENV variable instead of assigning to ENV directly.", 4226930083],
    [238, 17, 2, "Lint/LtsRuby/UnavailableMethod: Method/Proc#<< is unavailable before Ruby 2.6.", 5859461]
  ],
  "spec/support/foo_by_env.rb:1389298092": [
    [8, 22, 4, "Lint/LtsRuby/UnavailableMethod: Set#to_s is unavailable before Ruby 2.5.", 2087961426],
    [18, 9, 7, "Lint/LtsRuby/UnavailableMethod: Enumerable/Enumerator::Lazy#compact is unavailable before Ruby 3.1.", 3711215938]
  ]
}
